{
  "name": "personal-website",
  "lockfileVersion": 2,
  "requires": true,
  "packages": {
    "": {
      "dependencies": {
        "@tailwindcss/aspect-ratio": "^0.2.0",
        "framer-motion": "^4.0.3",
        "tailwindcss-filters": "^3.0.0"
      }
    },
    "node_modules/@emotion/is-prop-valid": {
      "version": "0.8.8",
      "resolved": "https://registry.npmjs.org/@emotion/is-prop-valid/-/is-prop-valid-0.8.8.tgz",
      "integrity": "sha512-u5WtneEAr5IDG2Wv65yhunPSMLIpuKsbuOktRojfrEiEvRyC85LgPMZI63cr7NUqT8ZIGdSVg8ZKGxIug4lXcA==",
      "optional": true,
      "dependencies": {
        "@emotion/memoize": "0.7.4"
      }
    },
    "node_modules/@emotion/memoize": {
      "version": "0.7.4",
      "resolved": "https://registry.npmjs.org/@emotion/memoize/-/memoize-0.7.4.tgz",
      "integrity": "sha512-Ja/Vfqe3HpuzRsG1oBtWTHk2PGZ7GR+2Vz5iYGelAw8dx32K0y7PjVuxK6z1nMpZOqAFsRUPCkK1YjJ56qJlgw==",
      "optional": true
    },
    "node_modules/@tailwindcss/aspect-ratio": {
      "version": "0.2.0",
      "resolved": "https://registry.npmjs.org/@tailwindcss/aspect-ratio/-/aspect-ratio-0.2.0.tgz",
      "integrity": "sha512-v5LyHkwXj/4lI74B06zUrmWEdmSqS43+jw717pkt3fAXqb7ALwu77A8t7j+Bej+ZbdlIIqNMYheGN7wSGV1A6w=="
    },
    "node_modules/framer-motion": {
      "version": "4.0.3",
      "resolved": "https://registry.npmjs.org/framer-motion/-/framer-motion-4.0.3.tgz",
      "integrity": "sha512-5p9VPpgPctMJuNW8CqHSk9k/v3xAUpReWzlgKl1a1fsvqzcFgNGENZPfBwHuukanvMmh3trzO5jZNX0Kc8/pAA==",
      "dependencies": {
        "framesync": "5.2.3",
        "hey-listen": "^1.0.8",
        "popmotion": "9.3.4",
        "style-value-types": "4.1.4",
        "tslib": "^2.1.0"
      },
      "optionalDependencies": {
        "@emotion/is-prop-valid": "^0.8.2"
      }
    },
    "node_modules/framesync": {
      "version": "5.2.3",
      "resolved": "https://registry.npmjs.org/framesync/-/framesync-5.2.3.tgz",
      "integrity": "sha512-5PxjYm5RxvsT68a9trOOL/61POxL7DcHrbx+j/50CR33mvBdp0aUTI+EfrMeVXprx3XOZ37NWg6r5ZQQOA2arA==",
      "dependencies": {
        "tslib": "^2.1.0"
      }
    },
    "node_modules/hey-listen": {
      "version": "1.0.8",
      "resolved": "https://registry.npmjs.org/hey-listen/-/hey-listen-1.0.8.tgz",
      "integrity": "sha512-COpmrF2NOg4TBWUJ5UVyaCU2A88wEMkUPK4hNqyCkqHbxT92BbvfjoSozkAIIm6XhicGlJHhFdullInrdhwU8Q=="
    },
    "node_modules/lodash": {
      "version": "4.17.21",
      "resolved": "https://registry.npmjs.org/lodash/-/lodash-4.17.21.tgz",
      "integrity": "sha512-v2kDEe57lecTulaDIuNTPy3Ry4gLGJ6Z1O3vE1krgXZNrsQ+LFTGHVxVjcXPs17LhbZVGedAJv8XZ1tvj5FvSg=="
    },
    "node_modules/popmotion": {
      "version": "9.3.4",
      "resolved": "https://registry.npmjs.org/popmotion/-/popmotion-9.3.4.tgz",
      "integrity": "sha512-CwUJwVEkhXZg7ZCtWLrO2lK40g/J+cEwAV0bPxOq83g2UNrvN2HTcUDnlf/rq6QeMKJPwDvXd6R8SsJO5BjDXg==",
      "dependencies": {
        "framesync": "5.2.3",
        "hey-listen": "^1.0.8",
        "style-value-types": "4.1.4",
        "tslib": "^2.1.0"
      }
    },
    "node_modules/style-value-types": {
      "version": "4.1.4",
      "resolved": "https://registry.npmjs.org/style-value-types/-/style-value-types-4.1.4.tgz",
      "integrity": "sha512-LCJL6tB+vPSUoxgUBt9juXIlNJHtBMy8jkXzUJSBzeHWdBu6lhzHqCvLVkXFGsFIlNa2ln1sQHya/gzaFmB2Lg==",
      "dependencies": {
        "hey-listen": "^1.0.8",
        "tslib": "^2.1.0"
      }
    },
    "node_modules/tailwindcss-filters": {
      "version": "3.0.0",
      "resolved": "https://registry.npmjs.org/tailwindcss-filters/-/tailwindcss-filters-3.0.0.tgz",
      "integrity": "sha512-xhortqs8fSp9id17EnneYhmruA5DfU6K0zvN6/mgDlEXKaHthjXlR74Ta+4lrX5Lp7tp6YigB09WO0TOWn7VEQ==",
      "dependencies": {
        "lodash": "^4.17.15"
      }
    },
    "node_modules/tslib": {
      "version": "2.1.0",
      "resolved": "https://registry.npmjs.org/tslib/-/tslib-2.1.0.tgz",
      "integrity": "sha512-hcVC3wYEziELGGmEEXue7D75zbwIIVUMWAVbHItGPx0ziyXxrOMQx4rQEVEV45Ut/1IotuEvwqPopzIOkDMf0A=="
    }
  },
  "dependencies": {
    "@emotion/is-prop-valid": {
      "version": "0.8.8",
      "resolved": "https://registry.npmjs.org/@emotion/is-prop-valid/-/is-prop-valid-0.8.8.tgz",
      "integrity": "sha512-u5WtneEAr5IDG2Wv65yhunPSMLIpuKsbuOktRojfrEiEvRyC85LgPMZI63cr7NUqT8ZIGdSVg8ZKGxIug4lXcA==",
      "optional": true,
      "requires": {
        "@emotion/memoize": "0.7.4"
      }
    },
    "@emotion/memoize": {
      "version": "0.7.4",
      "resolved": "https://registry.npmjs.org/@emotion/memoize/-/memoize-0.7.4.tgz",
      "integrity": "sha512-Ja/Vfqe3HpuzRsG1oBtWTHk2PGZ7GR+2Vz5iYGelAw8dx32K0y7PjVuxK6z1nMpZOqAFsRUPCkK1YjJ56qJlgw==",
      "optional": true
    },
    "@tailwindcss/aspect-ratio": {
      "version": "0.2.0",
      "resolved": "https://registry.npmjs.org/@tailwindcss/aspect-ratio/-/aspect-ratio-0.2.0.tgz",
      "integrity": "sha512-v5LyHkwXj/4lI74B06zUrmWEdmSqS43+jw717pkt3fAXqb7ALwu77A8t7j+Bej+ZbdlIIqNMYheGN7wSGV1A6w=="
    },
    "framer-motion": {
      "version": "4.0.3",
      "resolved": "https://registry.npmjs.org/framer-motion/-/framer-motion-4.0.3.tgz",
      "integrity": "sha512-5p9VPpgPctMJuNW8CqHSk9k/v3xAUpReWzlgKl1a1fsvqzcFgNGENZPfBwHuukanvMmh3trzO5jZNX0Kc8/pAA==",
      "requires": {
        "@emotion/is-prop-valid": "^0.8.2",
        "framesync": "5.2.3",
        "hey-listen": "^1.0.8",
        "popmotion": "9.3.4",
        "style-value-types": "4.1.4",
        "tslib": "^2.1.0"
      }
    },
    "framesync": {
      "version": "5.2.3",
      "resolved": "https://registry.npmjs.org/framesync/-/framesync-5.2.3.tgz",
      "integrity": "sha512-5PxjYm5RxvsT68a9trOOL/61POxL7DcHrbx+j/50CR33mvBdp0aUTI+EfrMeVXprx3XOZ37NWg6r5ZQQOA2arA==",
      "requires": {
        "tslib": "^2.1.0"
      }
    },
    "hey-listen": {
      "version": "1.0.8",
      "resolved": "https://registry.npmjs.org/hey-listen/-/hey-listen-1.0.8.tgz",
      "integrity": "sha512-COpmrF2NOg4TBWUJ5UVyaCU2A88wEMkUPK4hNqyCkqHbxT92BbvfjoSozkAIIm6XhicGlJHhFdullInrdhwU8Q=="
    },
    "lodash": {
      "version": "4.17.21",
      "resolved": "https://registry.npmjs.org/lodash/-/lodash-4.17.21.tgz",
      "integrity": "sha512-v2kDEe57lecTulaDIuNTPy3Ry4gLGJ6Z1O3vE1krgXZNrsQ+LFTGHVxVjcXPs17LhbZVGedAJv8XZ1tvj5FvSg=="
    },
    "popmotion": {
      "version": "9.3.4",
      "resolved": "https://registry.npmjs.org/popmotion/-/popmotion-9.3.4.tgz",
      "integrity": "sha512-CwUJwVEkhXZg7ZCtWLrO2lK40g/J+cEwAV0bPxOq83g2UNrvN2HTcUDnlf/rq6QeMKJPwDvXd6R8SsJO5BjDXg==",
      "requires": {
        "framesync": "5.2.3",
        "hey-listen": "^1.0.8",
        "style-value-types": "4.1.4",
        "tslib": "^2.1.0"
      }
    },
    "style-value-types": {
      "version": "4.1.4",
      "resolved": "https://registry.npmjs.org/style-value-types/-/style-value-types-4.1.4.tgz",
      "integrity": "sha512-LCJL6tB+vPSUoxgUBt9juXIlNJHtBMy8jkXzUJSBzeHWdBu6lhzHqCvLVkXFGsFIlNa2ln1sQHya/gzaFmB2Lg==",
      "requires": {
        "hey-listen": "^1.0.8",
        "tslib": "^2.1.0"
      }
    },
    "tailwindcss-filters": {
      "version": "3.0.0",
      "resolved": "https://registry.npmjs.org/tailwindcss-filters/-/tailwindcss-filters-3.0.0.tgz",
      "integrity": "sha512-xhortqs8fSp9id17EnneYhmruA5DfU6K0zvN6/mgDlEXKaHthjXlR74Ta+4lrX5Lp7tp6YigB09WO0TOWn7VEQ==",
      "requires": {
        "lodash": "^4.17.15"
      }
    },
    "tslib": {
      "version": "2.1.0",
      "resolved": "https://registry.npmjs.org/tslib/-/tslib-2.1.0.tgz",
      "integrity": "sha512-hcVC3wYEziELGGmEEXue7D75zbwIIVUMWAVbHItGPx0ziyXxrOMQx4rQEVEV45Ut/1IotuEvwqPopzIOkDMf0A=="
    }
  }
}
