{
  "name": "personal-website",
  "lockfileVersion": 2,
  "requires": true,
  "packages": {
    "": {
      "dependencies": {
        "@tailwindcss/aspect-ratio": "^0.2.0",
        "tailwindcss-filters": "^3.0.0"
      }
    },
    "node_modules/@tailwindcss/aspect-ratio": {
      "version": "0.2.0",
      "resolved": "https://registry.npmjs.org/@tailwindcss/aspect-ratio/-/aspect-ratio-0.2.0.tgz",
      "integrity": "sha512-v5LyHkwXj/4lI74B06zUrmWEdmSqS43+jw717pkt3fAXqb7ALwu77A8t7j+Bej+ZbdlIIqNMYheGN7wSGV1A6w=="
    },
    "node_modules/lodash": {
      "version": "4.17.21",
      "resolved": "https://registry.npmjs.org/lodash/-/lodash-4.17.21.tgz",
      "integrity": "sha512-v2kDEe57lecTulaDIuNTPy3Ry4gLGJ6Z1O3vE1krgXZNrsQ+LFTGHVxVjcXPs17LhbZVGedAJv8XZ1tvj5FvSg=="
    },
    "node_modules/tailwindcss-filters": {
      "version": "3.0.0",
      "resolved": "https://registry.npmjs.org/tailwindcss-filters/-/tailwindcss-filters-3.0.0.tgz",
      "integrity": "sha512-xhortqs8fSp9id17EnneYhmruA5DfU6K0zvN6/mgDlEXKaHthjXlR74Ta+4lrX5Lp7tp6YigB09WO0TOWn7VEQ==",
      "dependencies": {
        "lodash": "^4.17.15"
      }
    }
  },
  "dependencies": {
    "@tailwindcss/aspect-ratio": {
      "version": "0.2.0",
      "resolved": "https://registry.npmjs.org/@tailwindcss/aspect-ratio/-/aspect-ratio-0.2.0.tgz",
      "integrity": "sha512-v5LyHkwXj/4lI74B06zUrmWEdmSqS43+jw717pkt3fAXqb7ALwu77A8t7j+Bej+ZbdlIIqNMYheGN7wSGV1A6w=="
    },
    "lodash": {
      "version": "4.17.21",
      "resolved": "https://registry.npmjs.org/lodash/-/lodash-4.17.21.tgz",
      "integrity": "sha512-v2kDEe57lecTulaDIuNTPy3Ry4gLGJ6Z1O3vE1krgXZNrsQ+LFTGHVxVjcXPs17LhbZVGedAJv8XZ1tvj5FvSg=="
    },
    "tailwindcss-filters": {
      "version": "3.0.0",
      "resolved": "https://registry.npmjs.org/tailwindcss-filters/-/tailwindcss-filters-3.0.0.tgz",
      "integrity": "sha512-xhortqs8fSp9id17EnneYhmruA5DfU6K0zvN6/mgDlEXKaHthjXlR74Ta+4lrX5Lp7tp6YigB09WO0TOWn7VEQ==",
      "requires": {
        "lodash": "^4.17.15"
      }
    }
  }
}
